
Microsoft Visual Studio Solution File, Format Version 12.00
# Visual Studio 15
Project("{FAE04EC0-301F-11D3-BF4B-00C04F79EFBC}") = "JBooth.MicroSplat.Core.Editor", "JBooth.MicroSplat.Core.Editor.csproj", "{173764C5-C02C-AF33-FB82-06A075AB0DF6}"
EndProject
Project("{FAE04EC0-301F-11D3-BF4B-00C04F79EFBC}") = "Assembly-CSharp", "Assembly-CSharp.csproj", "{5BBC1F02-911D-DADC-AB41-9DC0201B6034}"
EndProject
Project("{FAE04EC0-301F-11D3-BF4B-00C04F79EFBC}") = "JBooth.MicroSplat.Core", "JBooth.MicroSplat.Core.csproj", "{0D99056A-0BE3-DA18-D2EA-CF23B42DBA88}"
EndProject
Project("{FAE04EC0-301F-11D3-BF4B-00C04F79EFBC}") = "sc.terrain.painter.runtime", "sc.terrain.painter.runtime.csproj", "{0039DF9D-64C8-094A-6414-AB2F105ABBA2}"
EndProject
Project("{FAE04EC0-301F-11D3-BF4B-00C04F79EFBC}") = "sc.terrain.painter.editor", "sc.terrain.painter.editor.csproj", "{CA7AFC99-5519-CD63-164F-B358908BC4ED}"
EndProject
Global
	GlobalSection(SolutionConfigurationPlatforms) = preSolution
		Debug|Any CPU = Debug|Any CPU
		Release|Any CPU = Release|Any CPU
	EndGlobalSection
	GlobalSection(ProjectConfigurationPlatforms) = postSolution
		{173764C5-C02C-AF33-FB82-06A075AB0DF6}.Debug|Any CPU.ActiveCfg = Debug|Any CPU
		{173764C5-C02C-AF33-FB82-06A075AB0DF6}.Debug|Any CPU.Build.0 = Debug|Any CPU
		{173764C5-C02C-AF33-FB82-06A075AB0DF6}.Release|Any CPU.ActiveCfg = Release|Any CPU
		{173764C5-C02C-AF33-FB82-06A075AB0DF6}.Release|Any CPU.Build.0 = Release|Any CPU
		{5BBC1F02-911D-DADC-AB41-9DC0201B6034}.Debug|Any CPU.ActiveCfg = Debug|Any CPU
		{5BBC1F02-911D-DADC-AB41-9DC0201B6034}.Debug|Any CPU.Build.0 = Debug|Any CPU
		{5BBC1F02-911D-DADC-AB41-9DC0201B6034}.Release|Any CPU.ActiveCfg = Release|Any CPU
		{5BBC1F02-911D-DADC-AB41-9DC0201B6034}.Release|Any CPU.Build.0 = Release|Any CPU
		{0D99056A-0BE3-DA18-D2EA-CF23B42DBA88}.Debug|Any CPU.ActiveCfg = Debug|Any CPU
		{0D99056A-0BE3-DA18-D2EA-CF23B42DBA88}.Debug|Any CPU.Build.0 = Debug|Any CPU
		{0D99056A-0BE3-DA18-D2EA-CF23B42DBA88}.Release|Any CPU.ActiveCfg = Release|Any CPU
		{0D99056A-0BE3-DA18-D2EA-CF23B42DBA88}.Release|Any CPU.Build.0 = Release|Any CPU
		{0039DF9D-64C8-094A-6414-AB2F105ABBA2}.Debug|Any CPU.ActiveCfg = Debug|Any CPU
		{0039DF9D-64C8-094A-6414-AB2F105ABBA2}.Debug|Any CPU.Build.0 = Debug|Any CPU
		{0039DF9D-64C8-094A-6414-AB2F105ABBA2}.Release|Any CPU.ActiveCfg = Release|Any CPU
		{0039DF9D-64C8-094A-6414-AB2F105ABBA2}.Release|Any CPU.Build.0 = Release|Any CPU
		{CA7AFC99-5519-CD63-164F-B358908BC4ED}.Debug|Any CPU.ActiveCfg = Debug|Any CPU
		{CA7AFC99-5519-CD63-164F-B358908BC4ED}.Debug|Any CPU.Build.0 = Debug|Any CPU
		{CA7AFC99-5519-CD63-164F-B358908BC4ED}.Release|Any CPU.ActiveCfg = Release|Any CPU
		{CA7AFC99-5519-CD63-164F-B358908BC4ED}.Release|Any CPU.Build.0 = Release|Any CPU
	EndGlobalSection
	GlobalSection(SolutionProperties) = preSolution
		HideSolutionNode = FALSE
	EndGlobalSection
EndGlobal
